
Microsoft Visual Studio Solution File, Format Version 12.00
# Visual Studio 15
VisualStudioVersion = 15.0.26124.0
MinimumVisualStudioVersion = 15.0.26124.0
Project("{2150E333-8FDC-42A3-9474-1A3956D46DE8}") = "src", "src", "{2F47228E-9CD2-4F43-99B0-F754A5AF7319}"
EndProject
Project("{FAE04EC0-301F-11D3-BF4B-00C04F79EFBC}") = "Gradebook", "src\Gradebook\Gradebook.csproj", "{5BB67F26-CB86-4CDA-A8A8-D941083ECA4B}"
EndProject
Project("{2150E333-8FDC-42A3-9474-1A3956D46DE8}") = "test", "test", "{97CA7064-5042-486A-B4BA-8F9B67ED124A}"
EndProject
Project("{FAE04EC0-301F-11D3-BF4B-00C04F79EFBC}") = "Gradebook.Tests", "test\Gradebook.Tests\Gradebook.Tests.csproj", "{FAD95930-A42E-40D2-9476-0F60F174D969}"
EndProject
Global
	GlobalSection(SolutionConfigurationPlatforms) = preSolution
		Debug|Any CPU = Debug|Any CPU
		Debug|x64 = Debug|x64
		Debug|x86 = Debug|x86
		Release|Any CPU = Release|Any CPU
		Release|x64 = Release|x64
		Release|x86 = Release|x86
	EndGlobalSection
	GlobalSection(SolutionProperties) = preSolution
		HideSolutionNode = FALSE
	EndGlobalSection
	GlobalSection(ProjectConfigurationPlatforms) = postSolution
		{5BB67F26-CB86-4CDA-A8A8-D941083ECA4B}.Debug|Any CPU.ActiveCfg = Debug|Any CPU
		{5BB67F26-CB86-4CDA-A8A8-D941083ECA4B}.Debug|Any CPU.Build.0 = Debug|Any CPU
		{5BB67F26-CB86-4CDA-A8A8-D941083ECA4B}.Debug|x64.ActiveCfg = Debug|Any CPU
		{5BB67F26-CB86-4CDA-A8A8-D941083ECA4B}.Debug|x64.Build.0 = Debug|Any CPU
		{5BB67F26-CB86-4CDA-A8A8-D941083ECA4B}.Debug|x86.ActiveCfg = Debug|Any CPU
		{5BB67F26-CB86-4CDA-A8A8-D941083ECA4B}.Debug|x86.Build.0 = Debug|Any CPU
		{5BB67F26-CB86-4CDA-A8A8-D941083ECA4B}.Release|Any CPU.ActiveCfg = Release|Any CPU
		{5BB67F26-CB86-4CDA-A8A8-D941083ECA4B}.Release|Any CPU.Build.0 = Release|Any CPU
		{5BB67F26-CB86-4CDA-A8A8-D941083ECA4B}.Release|x64.ActiveCfg = Release|Any CPU
		{5BB67F26-CB86-4CDA-A8A8-D941083ECA4B}.Release|x64.Build.0 = Release|Any CPU
		{5BB67F26-CB86-4CDA-A8A8-D941083ECA4B}.Release|x86.ActiveCfg = Release|Any CPU
		{5BB67F26-CB86-4CDA-A8A8-D941083ECA4B}.Release|x86.Build.0 = Release|Any CPU
		{FAD95930-A42E-40D2-9476-0F60F174D969}.Debug|Any CPU.ActiveCfg = Debug|Any CPU
		{FAD95930-A42E-40D2-9476-0F60F174D969}.Debug|Any CPU.Build.0 = Debug|Any CPU
		{FAD95930-A42E-40D2-9476-0F60F174D969}.Debug|x64.ActiveCfg = Debug|Any CPU
		{FAD95930-A42E-40D2-9476-0F60F174D969}.Debug|x64.Build.0 = Debug|Any CPU
		{FAD95930-A42E-40D2-9476-0F60F174D969}.Debug|x86.ActiveCfg = Debug|Any CPU
		{FAD95930-A42E-40D2-9476-0F60F174D969}.Debug|x86.Build.0 = Debug|Any CPU
		{FAD95930-A42E-40D2-9476-0F60F174D969}.Release|Any CPU.ActiveCfg = Release|Any CPU
		{FAD95930-A42E-40D2-9476-0F60F174D969}.Release|Any CPU.Build.0 = Release|Any CPU
		{FAD95930-A42E-40D2-9476-0F60F174D969}.Release|x64.ActiveCfg = Release|Any CPU
		{FAD95930-A42E-40D2-9476-0F60F174D969}.Release|x64.Build.0 = Release|Any CPU
		{FAD95930-A42E-40D2-9476-0F60F174D969}.Release|x86.ActiveCfg = Release|Any CPU
		{FAD95930-A42E-40D2-9476-0F60F174D969}.Release|x86.Build.0 = Release|Any CPU
	EndGlobalSection
	GlobalSection(NestedProjects) = preSolution
		{5BB67F26-CB86-4CDA-A8A8-D941083ECA4B} = {2F47228E-9CD2-4F43-99B0-F754A5AF7319}
		{FAD95930-A42E-40D2-9476-0F60F174D969} = {97CA7064-5042-486A-B4BA-8F9B67ED124A}
	EndGlobalSection
EndGlobal
